
Microsoft Visual Studio Solution File, Format Version 12.00
# Visual Studio Version 17
VisualStudioVersion = 17.4.33205.214
MinimumVisualStudioVersion = 10.0.40219.1
Project("{FAE04EC0-301F-11D3-BF4B-00C04F79EFBC}") = "BinaryConverter", "BinaryConverter\BinaryConverter.csproj", "{FDFDC5A8-F736-4832-8671-A89D3D667C3B}"
EndProject
Global
	GlobalSection(SolutionConfigurationPlatforms) = preSolution
		Debug|Any CPU = Debug|Any CPU
		Release|Any CPU = Release|Any CPU
	EndGlobalSection
	GlobalSection(ProjectConfigurationPlatforms) = postSolution
		{FDFDC5A8-F736-4832-8671-A89D3D667C3B}.Debug|Any CPU.ActiveCfg = Debug|Any CPU
		{FDFDC5A8-F736-4832-8671-A89D3D667C3B}.Debug|Any CPU.Build.0 = Debug|Any CPU
		{FDFDC5A8-F736-4832-8671-A89D3D667C3B}.Release|Any CPU.ActiveCfg = Release|Any CPU
		{FDFDC5A8-F736-4832-8671-A89D3D667C3B}.Release|Any CPU.Build.0 = Release|Any CPU
	EndGlobalSection
	GlobalSection(SolutionProperties) = preSolution
		HideSolutionNode = FALSE
	EndGlobalSection
	GlobalSection(ExtensibilityGlobals) = postSolution
		SolutionGuid = {8735F3BC-5D5B-43F3-BC51-5F92319DE550}
	EndGlobalSection
EndGlobal
